
Microsoft Visual Studio Solution File, Format Version 12.00
# Visual Studio Version 16
VisualStudioVersion = 16.0.30503.244
MinimumVisualStudioVersion = 10.0.40219.1
Project("{8BC9CEB8-8B4A-11D0-8D11-00A0C91BC942}") = "image", "image\image.vcxproj", "{A54F15A4-834C-48A4-8C6A-EFAC96E371DD}"
EndProject
Global
	GlobalSection(SolutionConfigurationPlatforms) = preSolution
		Debug|x64 = Debug|x64
		Debug|x86 = Debug|x86
		Release|x64 = Release|x64
		Release|x86 = Release|x86
	EndGlobalSection
	GlobalSection(ProjectConfigurationPlatforms) = postSolution
		{A54F15A4-834C-48A4-8C6A-EFAC96E371DD}.Debug|x64.ActiveCfg = Debug|x64
		{A54F15A4-834C-48A4-8C6A-EFAC96E371DD}.Debug|x64.Build.0 = Debug|x64
		{A54F15A4-834C-48A4-8C6A-EFAC96E371DD}.Debug|x86.ActiveCfg = Debug|Win32
		{A54F15A4-834C-48A4-8C6A-EFAC96E371DD}.Debug|x86.Build.0 = Debug|Win32
		{A54F15A4-834C-48A4-8C6A-EFAC96E371DD}.Release|x64.ActiveCfg = Release|x64
		{A54F15A4-834C-48A4-8C6A-EFAC96E371DD}.Release|x64.Build.0 = Release|x64
		{A54F15A4-834C-48A4-8C6A-EFAC96E371DD}.Release|x86.ActiveCfg = Release|Win32
		{A54F15A4-834C-48A4-8C6A-EFAC96E371DD}.Release|x86.Build.0 = Release|Win32
	EndGlobalSection
	GlobalSection(SolutionProperties) = preSolution
		HideSolutionNode = FALSE
	EndGlobalSection
	GlobalSection(ExtensibilityGlobals) = postSolution
		SolutionGuid = {29CE3F37-A81E-48B0-A4B5-506CCE7BFFE6}
	EndGlobalSection
EndGlobal
